
Microsoft Visual Studio Solution File, Format Version 12.00
# Visual Studio Version 17
VisualStudioVersion = 17.11.35327.3
MinimumVisualStudioVersion = 10.0.40219.1
Project("{FAE04EC0-301F-11D3-BF4B-00C04F79EFBC}") = "WebApplicationFP2", "WebApplicationFP2\WebApplicationFP2.csproj", "{3E95BAD5-8E37-401A-BBFB-9BF4C3EAD322}"
EndProject
Global
	GlobalSection(SolutionConfigurationPlatforms) = preSolution
		Debug|Any CPU = Debug|Any CPU
		Release|Any CPU = Release|Any CPU
	EndGlobalSection
	GlobalSection(ProjectConfigurationPlatforms) = postSolution
		{3E95BAD5-8E37-401A-BBFB-9BF4C3EAD322}.Debug|Any CPU.ActiveCfg = Debug|Any CPU
		{3E95BAD5-8E37-401A-BBFB-9BF4C3EAD322}.Debug|Any CPU.Build.0 = Debug|Any CPU
		{3E95BAD5-8E37-401A-BBFB-9BF4C3EAD322}.Release|Any CPU.ActiveCfg = Release|Any CPU
		{3E95BAD5-8E37-401A-BBFB-9BF4C3EAD322}.Release|Any CPU.Build.0 = Release|Any CPU
	EndGlobalSection
	GlobalSection(SolutionProperties) = preSolution
		HideSolutionNode = FALSE
	EndGlobalSection
	GlobalSection(ExtensibilityGlobals) = postSolution
		SolutionGuid = {01171C22-5488-4515-AE49-70225F6558AB}
	EndGlobalSection
EndGlobal
